
Microsoft Visual Studio Solution File, Format Version 12.00
# Visual Studio Version 17
VisualStudioVersion = 17.4.33205.214
MinimumVisualStudioVersion = 10.0.40219.1
Project("{FAE04EC0-301F-11D3-BF4B-00C04F79EFBC}") = "NQWebb", "NQWebb\NQWebb.csproj", "{EB2ED8CA-A27E-46CC-BC18-52DA27133F5F}"
EndProject
Global
	GlobalSection(SolutionConfigurationPlatforms) = preSolution
		Debug|Any CPU = Debug|Any CPU
		Release|Any CPU = Release|Any CPU
	EndGlobalSection
	GlobalSection(ProjectConfigurationPlatforms) = postSolution
		{EB2ED8CA-A27E-46CC-BC18-52DA27133F5F}.Debug|Any CPU.ActiveCfg = Debug|Any CPU
		{EB2ED8CA-A27E-46CC-BC18-52DA27133F5F}.Debug|Any CPU.Build.0 = Debug|Any CPU
		{EB2ED8CA-A27E-46CC-BC18-52DA27133F5F}.Release|Any CPU.ActiveCfg = Release|Any CPU
		{EB2ED8CA-A27E-46CC-BC18-52DA27133F5F}.Release|Any CPU.Build.0 = Release|Any CPU
	EndGlobalSection
	GlobalSection(SolutionProperties) = preSolution
		HideSolutionNode = FALSE
	EndGlobalSection
	GlobalSection(ExtensibilityGlobals) = postSolution
		SolutionGuid = {2D422ADF-0781-449B-9534-C0971D32C4CD}
	EndGlobalSection
EndGlobal
